// !$*UTF8*$!
{
	archiveVersion = 1;
	classes = {
	};
	objectVersion = 52;
	objects = {

/* Begin PBXBuildFile section */
		74DEBD0A23F38D09004A69DD /* AppDelegate.swift in Sources */ = {isa = PBXBuildFile; fileRef = 74DEBD0923F38D09004A69DD /* AppDelegate.swift */; };
		74DEBD0C23F38D09004A69DD /* SceneDelegate.swift in Sources */ = {isa = PBXBuildFile; fileRef = 74DEBD0B23F38D09004A69DD /* SceneDelegate.swift */; };
		74DEBD0E23F38D09004A69DD /* ViewController.swift in Sources */ = {isa = PBXBuildFile; fileRef = 74DEBD0D23F38D09004A69DD /* ViewController.swift */; };
		74DEBD1123F38D09004A69DD /* Main.storyboard in Resources */ = {isa = PBXBuildFile; fileRef = 74DEBD0F23F38D09004A69DD /* Main.storyboard */; };
		74DEBD1323F38D0D004A69DD /* Assets.xcassets in Resources */ = {isa = PBXBuildFile; fileRef = 74DEBD1223F38D0D004A69DD /* Assets.xcassets */; };
		74DEBD1623F38D0D004A69DD /* LaunchScreen.storyboard in Resources */ = {isa = PBXBuildFile; fileRef = 74DEBD1423F38D0D004A69DD /* LaunchScreen.storyboard */; };
		74DEBD1F23F390BF004A69DD /* Spin.Combine in Frameworks */ = {isa = PBXBuildFile; productRef = 74DEBD1E23F390BF004A69DD /* Spin.Combine */; };
		74DEBD2123F390BF004A69DD /* Spin.ReactiveSwift in Frameworks */ = {isa = PBXBuildFile; productRef = 74DEBD2023F390BF004A69DD /* Spin.ReactiveSwift */; };
		74DEBD2323F390BF004A69DD /* Spin.RxSwift in Frameworks */ = {isa = PBXBuildFile; productRef = 74DEBD2223F390BF004A69DD /* Spin.RxSwift */; };
		74DEBD2523F390BF004A69DD /* Spin.Swift in Frameworks */ = {isa = PBXBuildFile; productRef = 74DEBD2423F390BF004A69DD /* Spin.Swift */; };
/* End PBXBuildFile section */

/* Begin PBXFileReference section */
		74DEBD0623F38D09004A69DD /* Spin.UIKit.Demo.Basic.app */ = {isa = PBXFileReference; explicitFileType = wrapper.application; includeInIndex = 0; path = Spin.UIKit.Demo.Basic.app; sourceTree = BUILT_PRODUCTS_DIR; };
		74DEBD0923F38D09004A69DD /* AppDelegate.swift */ = {isa = PBXFileReference; lastKnownFileType = sourcecode.swift; path = AppDelegate.swift; sourceTree = "<group>"; };
		74DEBD0B23F38D09004A69DD /* SceneDelegate.swift */ = {isa = PBXFileReference; lastKnownFileType = sourcecode.swift; path = SceneDelegate.swift; sourceTree = "<group>"; };
		74DEBD0D23F38D09004A69DD /* ViewController.swift */ = {isa = PBXFileReference; lastKnownFileType = sourcecode.swift; path = ViewController.swift; sourceTree = "<group>"; };
		74DEBD1023F38D09004A69DD /* Base */ = {isa = PBXFileReference; lastKnownFileType = file.storyboard; name = Base; path = Base.lproj/Main.storyboard; sourceTree = "<group>"; };
		74DEBD1223F38D0D004A69DD /* Assets.xcassets */ = {isa = PBXFileReference; lastKnownFileType = folder.assetcatalog; path = Assets.xcassets; sourceTree = "<group>"; };
		74DEBD1523F38D0D004A69DD /* Base */ = {isa = PBXFileReference; lastKnownFileType = file.storyboard; name = Base; path = Base.lproj/LaunchScreen.storyboard; sourceTree = "<group>"; };
		74DEBD1723F38D0D004A69DD /* Info.plist */ = {isa = PBXFileReference; lastKnownFileType = text.plist.xml; path = Info.plist; sourceTree = "<group>"; };
/* End PBXFileReference section */

/* Begin PBXFrameworksBuildPhase section */
		74DEBD0323F38D09004A69DD /* Frameworks */ = {
			isa = PBXFrameworksBuildPhase;
			buildActionMask = 2147483647;
			files = (
				74DEBD2123F390BF004A69DD /* Spin.ReactiveSwift in Frameworks */,
				74DEBD1F23F390BF004A69DD /* Spin.Combine in Frameworks */,
				74DEBD2323F390BF004A69DD /* Spin.RxSwift in Frameworks */,
				74DEBD2523F390BF004A69DD /* Spin.Swift in Frameworks */,
			);
			runOnlyForDeploymentPostprocessing = 0;
		};
/* End PBXFrameworksBuildPhase section */

/* Begin PBXGroup section */
		74DEBCFD23F38D09004A69DD = {
			isa = PBXGroup;
			children = (
				74DEBD0823F38D09004A69DD /* Spin.UIKit.Demo.Basic */,
				74DEBD0723F38D09004A69DD /* Products */,
			);
			sourceTree = "<group>";
		};
		74DEBD0723F38D09004A69DD /* Products */ = {
			isa = PBXGroup;
			children = (
				74DEBD0623F38D09004A69DD /* Spin.UIKit.Demo.Basic.app */,
			);
			name = Products;
			sourceTree = "<group>";
		};
		74DEBD0823F38D09004A69DD /* Spin.UIKit.Demo.Basic */ = {
			isa = PBXGroup;
			children = (
				74DEBD0923F38D09004A69DD /* AppDelegate.swift */,
				74DEBD0B23F38D09004A69DD /* SceneDelegate.swift */,
				74DEBD0D23F38D09004A69DD /* ViewController.swift */,
				74DEBD0F23F38D09004A69DD /* Main.storyboard */,
				74DEBD1223F38D0D004A69DD /* Assets.xcassets */,
				74DEBD1423F38D0D004A69DD /* LaunchScreen.storyboard */,
				74DEBD1723F38D0D004A69DD /* Info.plist */,
			);
			path = Spin.UIKit.Demo.Basic;
			sourceTree = "<group>";
		};
/* End PBXGroup section */

/* Begin PBXNativeTarget section */
		74DEBD0523F38D09004A69DD /* Spin.UIKit.Demo.Basic */ = {
			isa = PBXNativeTarget;
			buildConfigurationList = 74DEBD1A23F38D0D004A69DD /* Build configuration list for PBXNativeTarget "Spin.UIKit.Demo.Basic" */;
			buildPhases = (
				74DEBD0223F38D09004A69DD /* Sources */,
				74DEBD0323F38D09004A69DD /* Frameworks */,
				74DEBD0423F38D09004A69DD /* Resources */,
			);
			buildRules = (
			);
			dependencies = (
			);
			name = Spin.UIKit.Demo.Basic;
			packageProductDependencies = (
				74DEBD1E23F390BF004A69DD /* Spin.Combine */,
				74DEBD2023F390BF004A69DD /* Spin.ReactiveSwift */,
				74DEBD2223F390BF004A69DD /* Spin.RxSwift */,
				74DEBD2423F390BF004A69DD /* Spin.Swift */,
			);
			productName = Spin.UIKit.Demo.Basic;
			productReference = 74DEBD0623F38D09004A69DD /* Spin.UIKit.Demo.Basic.app */;
			productType = "com.apple.product-type.application";
		};
/* End PBXNativeTarget section */

/* Begin PBXProject section */
		74DEBCFE23F38D09004A69DD /* Project object */ = {
			isa = PBXProject;
			attributes = {
				LastSwiftUpdateCheck = 1130;
				LastUpgradeCheck = 1130;
				ORGANIZATIONNAME = Spinners;
				TargetAttributes = {
					74DEBD0523F38D09004A69DD = {
						CreatedOnToolsVersion = 11.3.1;
					};
				};
			};
			buildConfigurationList = 74DEBD0123F38D09004A69DD /* Build configuration list for PBXProject "Spin.UIKit.Demo.Basic" */;
			compatibilityVersion = "Xcode 9.3";
			developmentRegion = en;
			hasScannedForEncodings = 0;
			knownRegions = (
				en,
				Base,
			);
			mainGroup = 74DEBCFD23F38D09004A69DD;
			packageReferences = (
				74DEBD1D23F390BF004A69DD /* XCRemoteSwiftPackageReference "Spin" */,
			);
			productRefGroup = 74DEBD0723F38D09004A69DD /* Products */;
			projectDirPath = "";
			projectRoot = "";
			targets = (
				74DEBD0523F38D09004A69DD /* Spin.UIKit.Demo.Basic */,
			);
		};
/* End PBXProject section */

/* Begin PBXResourcesBuildPhase section */
		74DEBD0423F38D09004A69DD /* Resources */ = {
			isa = PBXResourcesBuildPhase;
			buildActionMask = 2147483647;
			files = (
				74DEBD1623F38D0D004A69DD /* LaunchScreen.storyboard in Resources */,
				74DEBD1323F38D0D004A69DD /* Assets.xcassets in Resources */,
				74DEBD1123F38D09004A69DD /* Main.storyboard in Resources */,
			);
			runOnlyForDeploymentPostprocessing = 0;
		};
/* End PBXResourcesBuildPhase section */

/* Begin PBXSourcesBuildPhase section */
		74DEBD0223F38D09004A69DD /* Sources */ = {
			isa = PBXSourcesBuildPhase;
			buildActionMask = 2147483647;
			files = (
				74DEBD0E23F38D09004A69DD /* ViewController.swift in Sources */,
				74DEBD0A23F38D09004A69DD /* AppDelegate.swift in Sources */,
				74DEBD0C23F38D09004A69DD /* SceneDelegate.swift in Sources */,
			);
			runOnlyForDeploymentPostprocessing = 0;
		};
/* End PBXSourcesBuildPhase section */

/* Begin PBXVariantGroup section */
		74DEBD0F23F38D09004A69DD /* Main.storyboard */ = {
			isa = PBXVariantGroup;
			children = (
				74DEBD1023F38D09004A69DD /* Base */,
			);
			name = Main.storyboard;
			sourceTree = "<group>";
		};
		74DEBD1423F38D0D004A69DD /* LaunchScreen.storyboard */ = {
			isa = PBXVariantGroup;
			children = (
				74DEBD1523F38D0D004A69DD /* Base */,
			);
			name = LaunchScreen.storyboard;
			sourceTree = "<group>";
		};
/* End PBXVariantGroup section */

/* Begin XCBuildConfiguration section */
		74DEBD1823F38D0D004A69DD /* Debug */ = {
			isa = XCBuildConfiguration;
			buildSettings = {
				ALWAYS_SEARCH_USER_PATHS = NO;
				CLANG_ANALYZER_NONNULL = YES;
				CLANG_ANALYZER_NUMBER_OBJECT_CONVERSION = YES_AGGRESSIVE;
				CLANG_CXX_LANGUAGE_STANDARD = "gnu++14";
				CLANG_CXX_LIBRARY = "libc++";
				CLANG_ENABLE_MODULES = YES;
				CLANG_ENABLE_OBJC_ARC = YES;
				CLANG_ENABLE_OBJC_WEAK = YES;
				CLANG_WARN_BLOCK_CAPTURE_AUTORELEASING = YES;
				CLANG_WARN_BOOL_CONVERSION = YES;
				CLANG_WARN_COMMA = YES;
				CLANG_WARN_CONSTANT_CONVERSION = YES;
				CLANG_WARN_DEPRECATED_OBJC_IMPLEMENTATIONS = YES;
				CLANG_WARN_DIRECT_OBJC_ISA_USAGE = YES_ERROR;
				CLANG_WARN_DOCUMENTATION_COMMENTS = YES;
				CLANG_WARN_EMPTY_BODY = YES;
				CLANG_WARN_ENUM_CONVERSION = YES;
				CLANG_WARN_INFINITE_RECURSION = YES;
				CLANG_WARN_INT_CONVERSION = YES;
				CLANG_WARN_NON_LITERAL_NULL_CONVERSION = YES;
				CLANG_WARN_OBJC_IMPLICIT_RETAIN_SELF = YES;
				CLANG_WARN_OBJC_LITERAL_CONVERSION = YES;
				CLANG_WARN_OBJC_ROOT_CLASS = YES_ERROR;
				CLANG_WARN_RANGE_LOOP_ANALYSIS = YES;
				CLANG_WARN_STRICT_PROTOTYPES = YES;
				CLANG_WARN_SUSPICIOUS_MOVE = YES;
				CLANG_WARN_UNGUARDED_AVAILABILITY = YES_AGGRESSIVE;
				CLANG_WARN_UNREACHABLE_CODE = YES;
				CLANG_WARN__DUPLICATE_METHOD_MATCH = YES;
				COPY_PHASE_STRIP = NO;
				DEBUG_INFORMATION_FORMAT = dwarf;
				ENABLE_STRICT_OBJC_MSGSEND = YES;
				ENABLE_TESTABILITY = YES;
				GCC_C_LANGUAGE_STANDARD = gnu11;
				GCC_DYNAMIC_NO_PIC = NO;
				GCC_NO_COMMON_BLOCKS = YES;
				GCC_OPTIMIZATION_LEVEL = 0;
				GCC_PREPROCESSOR_DEFINITIONS = (
					"DEBUG=1",
					"$(inherited)",
				);
				GCC_WARN_64_TO_32_BIT_CONVERSION = YES;
				GCC_WARN_ABOUT_RETURN_TYPE = YES_ERROR;
				GCC_WARN_UNDECLARED_SELECTOR = YES;
				GCC_WARN_UNINITIALIZED_AUTOS = YES_AGGRESSIVE;
				GCC_WARN_UNUSED_FUNCTION = YES;
				GCC_WARN_UNUSED_VARIABLE = YES;
				IPHONEOS_DEPLOYMENT_TARGET = 13.2;
				MTL_ENABLE_DEBUG_INFO = INCLUDE_SOURCE;
				MTL_FAST_MATH = YES;
				ONLY_ACTIVE_ARCH = YES;
				SDKROOT = iphoneos;
				SWIFT_ACTIVE_COMPILATION_CONDITIONS = DEBUG;
				SWIFT_OPTIMIZATION_LEVEL = "-Onone";
			};
			name = Debug;
		};
		74DEBD1923F38D0D004A69DD /* Release */ = {
			isa = XCBuildConfiguration;
			buildSettings = {
				ALWAYS_SEARCH_USER_PATHS = NO;
				CLANG_ANALYZER_NONNULL = YES;
				CLANG_ANALYZER_NUMBER_OBJECT_CONVERSION = YES_AGGRESSIVE;
				CLANG_CXX_LANGUAGE_STANDARD = "gnu++14";
				CLANG_CXX_LIBRARY = "libc++";
				CLANG_ENABLE_MODULES = YES;
				CLANG_ENABLE_OBJC_ARC = YES;
				CLANG_ENABLE_OBJC_WEAK = YES;
				CLANG_WARN_BLOCK_CAPTURE_AUTORELEASING = YES;
				CLANG_WARN_BOOL_CONVERSION = YES;
				CLANG_WARN_COMMA = YES;
				CLANG_WARN_CONSTANT_CONVERSION = YES;
				CLANG_WARN_DEPRECATED_OBJC_IMPLEMENTATIONS = YES;
				CLANG_WARN_DIRECT_OBJC_ISA_USAGE = YES_ERROR;
				CLANG_WARN_DOCUMENTATION_COMMENTS = YES;
				CLANG_WARN_EMPTY_BODY = YES;
				CLANG_WARN_ENUM_CONVERSION = YES;
				CLANG_WARN_INFINITE_RECURSION = YES;
				CLANG_WARN_INT_CONVERSION = YES;
				CLANG_WARN_NON_LITERAL_NULL_CONVERSION = YES;
				CLANG_WARN_OBJC_IMPLICIT_RETAIN_SELF = YES;
				CLANG_WARN_OBJC_LITERAL_CONVERSION = YES;
				CLANG_WARN_OBJC_ROOT_CLASS = YES_ERROR;
				CLANG_WARN_RANGE_LOOP_ANALYSIS = YES;
				CLANG_WARN_STRICT_PROTOTYPES = YES;
				CLANG_WARN_SUSPICIOUS_MOVE = YES;
				CLANG_WARN_UNGUARDED_AVAILABILITY = YES_AGGRESSIVE;
				CLANG_WARN_UNREACHABLE_CODE = YES;
				CLANG_WARN__DUPLICATE_METHOD_MATCH = YES;
				COPY_PHASE_STRIP = NO;
				DEBUG_INFORMATION_FORMAT = "dwarf-with-dsym";
				ENABLE_NS_ASSERTIONS = NO;
				ENABLE_STRICT_OBJC_MSGSEND = YES;
				GCC_C_LANGUAGE_STANDARD = gnu11;
				GCC_NO_COMMON_BLOCKS = YES;
				GCC_WARN_64_TO_32_BIT_CONVERSION = YES;
				GCC_WARN_ABOUT_RETURN_TYPE = YES_ERROR;
				GCC_WARN_UNDECLARED_SELECTOR = YES;
				GCC_WARN_UNINITIALIZED_AUTOS = YES_AGGRESSIVE;
				GCC_WARN_UNUSED_FUNCTION = YES;
				GCC_WARN_UNUSED_VARIABLE = YES;
				IPHONEOS_DEPLOYMENT_TARGET = 13.2;
				MTL_ENABLE_DEBUG_INFO = NO;
				MTL_FAST_MATH = YES;
				SDKROOT = iphoneos;
				SWIFT_COMPILATION_MODE = wholemodule;
				SWIFT_OPTIMIZATION_LEVEL = "-O";
				VALIDATE_PRODUCT = YES;
			};
			name = Release;
		};
		74DEBD1B23F38D0D004A69DD /* Debug */ = {
			isa = XCBuildConfiguration;
			buildSettings = {
				ASSETCATALOG_COMPILER_APPICON_NAME = AppIcon;
				CODE_SIGN_STYLE = Automatic;
				DEVELOPMENT_TEAM = 3V5265LQM9;
				INFOPLIST_FILE = Spin.UIKit.Demo.Basic/Info.plist;
				LD_RUNPATH_SEARCH_PATHS = (
					"$(inherited)",
					"@executable_path/Frameworks",
				);
				PRODUCT_BUNDLE_IDENTIFIER = "com.github.spinners.Spin-UIKit-Demo-Basic";
				PRODUCT_NAME = "$(TARGET_NAME)";
				SWIFT_VERSION = 5.0;
				TARGETED_DEVICE_FAMILY = "1,2";
			};
			name = Debug;
		};
		74DEBD1C23F38D0D004A69DD /* Release */ = {
			isa = XCBuildConfiguration;
			buildSettings = {
				ASSETCATALOG_COMPILER_APPICON_NAME = AppIcon;
				CODE_SIGN_STYLE = Automatic;
				DEVELOPMENT_TEAM = 3V5265LQM9;
				INFOPLIST_FILE = Spin.UIKit.Demo.Basic/Info.plist;
				LD_RUNPATH_SEARCH_PATHS = (
					"$(inherited)",
					"@executable_path/Frameworks",
				);
				PRODUCT_BUNDLE_IDENTIFIER = "com.github.spinners.Spin-UIKit-Demo-Basic";
				PRODUCT_NAME = "$(TARGET_NAME)";
				SWIFT_VERSION = 5.0;
				TARGETED_DEVICE_FAMILY = "1,2";
			};
			name = Release;
		};
/* End XCBuildConfiguration section */

/* Begin XCConfigurationList section */
		74DEBD0123F38D09004A69DD /* Build configuration list for PBXProject "Spin.UIKit.Demo.Basic" */ = {
			isa = XCConfigurationList;
			buildConfigurations = (
				74DEBD1823F38D0D004A69DD /* Debug */,
				74DEBD1923F38D0D004A69DD /* Release */,
			);
			defaultConfigurationIsVisible = 0;
			defaultConfigurationName = Release;
		};
		74DEBD1A23F38D0D004A69DD /* Build configuration list for PBXNativeTarget "Spin.UIKit.Demo.Basic" */ = {
			isa = XCConfigurationList;
			buildConfigurations = (
				74DEBD1B23F38D0D004A69DD /* Debug */,
				74DEBD1C23F38D0D004A69DD /* Release */,
			);
			defaultConfigurationIsVisible = 0;
			defaultConfigurationName = Release;
		};
/* End XCConfigurationList section */

/* Begin XCRemoteSwiftPackageReference section */
		74DEBD1D23F390BF004A69DD /* XCRemoteSwiftPackageReference "Spin" */ = {
			isa = XCRemoteSwiftPackageReference;
			repositoryURL = "https://github.com/Spinners/Spin.Swift";
			requirement = {
				kind = upToNextMajorVersion;
				minimumVersion = 0.8.0;
			};
		};
/* End XCRemoteSwiftPackageReference section */

/* Begin XCSwiftPackageProductDependency section */
		74DEBD1E23F390BF004A69DD /* Spin.Combine */ = {
			isa = XCSwiftPackageProductDependency;
			package = 74DEBD1D23F390BF004A69DD /* XCRemoteSwiftPackageReference "Spin" */;
			productName = Spin.Combine;
		};
		74DEBD2023F390BF004A69DD /* Spin.ReactiveSwift */ = {
			isa = XCSwiftPackageProductDependency;
			package = 74DEBD1D23F390BF004A69DD /* XCRemoteSwiftPackageReference "Spin" */;
			productName = Spin.ReactiveSwift;
		};
		74DEBD2223F390BF004A69DD /* Spin.RxSwift */ = {
			isa = XCSwiftPackageProductDependency;
			package = 74DEBD1D23F390BF004A69DD /* XCRemoteSwiftPackageReference "Spin" */;
			productName = Spin.RxSwift;
		};
		74DEBD2423F390BF004A69DD /* Spin.Swift */ = {
			isa = XCSwiftPackageProductDependency;
			package = 74DEBD1D23F390BF004A69DD /* XCRemoteSwiftPackageReference "Spin" */;
			productName = Spin.Swift;
		};
/* End XCSwiftPackageProductDependency section */
	};
	rootObject = 74DEBCFE23F38D09004A69DD /* Project object */;
}
